
Microsoft Visual Studio Solution File, Format Version 12.00
# Visual Studio Version 17
VisualStudioVersion = 17.8.34316.72
MinimumVisualStudioVersion = 10.0.40219.1
Project("{FAE04EC0-301F-11D3-BF4B-00C04F79EFBC}") = "losowanie_liczb", "losowanie_liczb\losowanie_liczb.csproj", "{A5BF07E0-0602-47A4-8219-421555D56F58}"
EndProject
Global
	GlobalSection(SolutionConfigurationPlatforms) = preSolution
		Debug|Any CPU = Debug|Any CPU
		Release|Any CPU = Release|Any CPU
	EndGlobalSection
	GlobalSection(ProjectConfigurationPlatforms) = postSolution
		{A5BF07E0-0602-47A4-8219-421555D56F58}.Debug|Any CPU.ActiveCfg = Debug|Any CPU
		{A5BF07E0-0602-47A4-8219-421555D56F58}.Debug|Any CPU.Build.0 = Debug|Any CPU
		{A5BF07E0-0602-47A4-8219-421555D56F58}.Release|Any CPU.ActiveCfg = Release|Any CPU
		{A5BF07E0-0602-47A4-8219-421555D56F58}.Release|Any CPU.Build.0 = Release|Any CPU
	EndGlobalSection
	GlobalSection(SolutionProperties) = preSolution
		HideSolutionNode = FALSE
	EndGlobalSection
	GlobalSection(ExtensibilityGlobals) = postSolution
		SolutionGuid = {7DBE2340-594E-4C0C-9819-CCEB040ECE8E}
	EndGlobalSection
EndGlobal
